# This file is generated by running "yarn install" inside your project.
# Manual changes might be lost - proceed with caution!

__metadata:
  version: 6
  cacheKey: 8

"bluebird@npm:^3.5.1":
  version: 3.7.2
  resolution: "bluebird@npm:3.7.2"
  checksum: 869417503c722e7dc54ca46715f70e15f4d9c602a423a02c825570862d12935be59ed9c7ba34a9b31f186c017c23cac6b54e35446f8353059c101da73eac22ef
  languageName: node
  linkType: hard

"csvtojson@npm:^2.0.10":
  version: 2.0.10
  resolution: "csvtojson@npm:2.0.10"
  dependencies:
    bluebird: ^3.5.1
    lodash: ^4.17.3
    strip-bom: ^2.0.0
  bin:
    csvtojson: ./bin/csvtojson
  checksum: 5312b054cd989c26f8b1ce2941f05c98cbdcb7e66b0585196f0299d57d533c6747d74b73f70c26befa13a53e2f4281421f5e841ef47dea6694a1bdc187f3accf
  languageName: node
  linkType: hard

"is-utf8@npm:^0.2.0":
  version: 0.2.1
  resolution: "is-utf8@npm:0.2.1"
  checksum: 167ccd2be869fc228cc62c1a28df4b78c6b5485d15a29027d3b5dceb09b383e86a3522008b56dcac14b592b22f0a224388718c2505027a994fd8471465de54b3
  languageName: node
  linkType: hard

"lift-data@workspace:.":
  version: 0.0.0-use.local
  resolution: "lift-data@workspace:."
  dependencies:
    csvtojson: ^2.0.10
  languageName: unknown
  linkType: soft

"lodash@npm:^4.17.3":
  version: 4.17.21
  resolution: "lodash@npm:4.17.21"
  checksum: eb835a2e51d381e561e508ce932ea50a8e5a68f4ebdd771ea240d3048244a8d13658acbd502cd4829768c56f2e16bdd4340b9ea141297d472517b83868e677f7
  languageName: node
  linkType: hard

"strip-bom@npm:^2.0.0":
  version: 2.0.0
  resolution: "strip-bom@npm:2.0.0"
  dependencies:
    is-utf8: ^0.2.0
  checksum: 08efb746bc67b10814cd03d79eb31bac633393a782e3f35efbc1b61b5165d3806d03332a97f362822cf0d4dd14ba2e12707fcff44fe1c870c48a063a0c9e4944
  languageName: node
  linkType: hard
